// !$*UTF8*$!
{
	archiveVersion = 1;
	classes = {
	};
	objectVersion = 56;
	objects = {

/* Begin PBXBuildFile section */
		9E15007A2C4978A0002AE605 /* PasswordManagerAppApp.swift in Sources */ = {isa = PBXBuildFile; fileRef = 9E1500792C4978A0002AE605 /* PasswordManagerAppApp.swift */; };
		9E15007C2C4978A0002AE605 /* ContentView.swift in Sources */ = {isa = PBXBuildFile; fileRef = 9E15007B2C4978A0002AE605 /* ContentView.swift */; };
		9E15007E2C4978A1002AE605 /* Assets.xcassets in Resources */ = {isa = PBXBuildFile; fileRef = 9E15007D2C4978A1002AE605 /* Assets.xcassets */; };
		9E1500812C4978A1002AE605 /* Preview Assets.xcassets in Resources */ = {isa = PBXBuildFile; fileRef = 9E1500802C4978A1002AE605 /* Preview Assets.xcassets */; };
		9E1500882C497CC4002AE605 /* PasswordManagerView.swift in Sources */ = {isa = PBXBuildFile; fileRef = 9E1500872C497CC4002AE605 /* PasswordManagerView.swift */; };
		9E15008A2C497CD8002AE605 /* AddAccountView.swift in Sources */ = {isa = PBXBuildFile; fileRef = 9E1500892C497CD8002AE605 /* AddAccountView.swift */; };
		9E15008C2C497CEB002AE605 /* ManagerViewModel.swift in Sources */ = {isa = PBXBuildFile; fileRef = 9E15008B2C497CEB002AE605 /* ManagerViewModel.swift */; };
		9E15008E2C497D01002AE605 /* AccountDetailView.swift in Sources */ = {isa = PBXBuildFile; fileRef = 9E15008D2C497D01002AE605 /* AccountDetailView.swift */; };
		9E1500912C497DC4002AE605 /* CommonButton.swift in Sources */ = {isa = PBXBuildFile; fileRef = 9E1500902C497DC4002AE605 /* CommonButton.swift */; };
		9E1500952C497DE2002AE605 /* PinAuthenticationView.swift in Sources */ = {isa = PBXBuildFile; fileRef = 9E1500942C497DE2002AE605 /* PinAuthenticationView.swift */; };
		9E1500972C497DF2002AE605 /* PasswordStrengthView.swift in Sources */ = {isa = PBXBuildFile; fileRef = 9E1500962C497DF2002AE605 /* PasswordStrengthView.swift */; };
		9E1500992C497ECB002AE605 /* AccountsView.swift in Sources */ = {isa = PBXBuildFile; fileRef = 9E1500982C497ECB002AE605 /* AccountsView.swift */; };
/* End PBXBuildFile section */

/* Begin PBXFileReference section */
		9E1500762C4978A0002AE605 /* PasswordManagerApp.app */ = {isa = PBXFileReference; explicitFileType = wrapper.application; includeInIndex = 0; path = PasswordManagerApp.app; sourceTree = BUILT_PRODUCTS_DIR; };
		9E1500792C4978A0002AE605 /* PasswordManagerAppApp.swift */ = {isa = PBXFileReference; lastKnownFileType = sourcecode.swift; path = PasswordManagerAppApp.swift; sourceTree = "<group>"; };
		9E15007B2C4978A0002AE605 /* ContentView.swift */ = {isa = PBXFileReference; lastKnownFileType = sourcecode.swift; path = ContentView.swift; sourceTree = "<group>"; };
		9E15007D2C4978A1002AE605 /* Assets.xcassets */ = {isa = PBXFileReference; lastKnownFileType = folder.assetcatalog; path = Assets.xcassets; sourceTree = "<group>"; };
		9E1500802C4978A1002AE605 /* Preview Assets.xcassets */ = {isa = PBXFileReference; lastKnownFileType = folder.assetcatalog; path = "Preview Assets.xcassets"; sourceTree = "<group>"; };
		9E1500872C497CC4002AE605 /* PasswordManagerView.swift */ = {isa = PBXFileReference; lastKnownFileType = sourcecode.swift; path = PasswordManagerView.swift; sourceTree = "<group>"; };
		9E1500892C497CD8002AE605 /* AddAccountView.swift */ = {isa = PBXFileReference; lastKnownFileType = sourcecode.swift; path = AddAccountView.swift; sourceTree = "<group>"; };
		9E15008B2C497CEB002AE605 /* ManagerViewModel.swift */ = {isa = PBXFileReference; lastKnownFileType = sourcecode.swift; path = ManagerViewModel.swift; sourceTree = "<group>"; };
		9E15008D2C497D01002AE605 /* AccountDetailView.swift */ = {isa = PBXFileReference; lastKnownFileType = sourcecode.swift; path = AccountDetailView.swift; sourceTree = "<group>"; };
		9E1500902C497DC4002AE605 /* CommonButton.swift */ = {isa = PBXFileReference; lastKnownFileType = sourcecode.swift; path = CommonButton.swift; sourceTree = "<group>"; };
		9E1500942C497DE2002AE605 /* PinAuthenticationView.swift */ = {isa = PBXFileReference; lastKnownFileType = sourcecode.swift; path = PinAuthenticationView.swift; sourceTree = "<group>"; };
		9E1500962C497DF2002AE605 /* PasswordStrengthView.swift */ = {isa = PBXFileReference; lastKnownFileType = sourcecode.swift; path = PasswordStrengthView.swift; sourceTree = "<group>"; };
		9E1500982C497ECB002AE605 /* AccountsView.swift */ = {isa = PBXFileReference; lastKnownFileType = sourcecode.swift; path = AccountsView.swift; sourceTree = "<group>"; };
/* End PBXFileReference section */

/* Begin PBXFrameworksBuildPhase section */
		9E1500732C4978A0002AE605 /* Frameworks */ = {
			isa = PBXFrameworksBuildPhase;
			buildActionMask = 2147483647;
			files = (
			);
			runOnlyForDeploymentPostprocessing = 0;
		};
/* End PBXFrameworksBuildPhase section */

/* Begin PBXGroup section */
		9E15006D2C4978A0002AE605 = {
			isa = PBXGroup;
			children = (
				9E1500782C4978A0002AE605 /* PasswordManagerApp */,
				9E1500772C4978A0002AE605 /* Products */,
			);
			sourceTree = "<group>";
		};
		9E1500772C4978A0002AE605 /* Products */ = {
			isa = PBXGroup;
			children = (
				9E1500762C4978A0002AE605 /* PasswordManagerApp.app */,
			);
			name = Products;
			sourceTree = "<group>";
		};
		9E1500782C4978A0002AE605 /* PasswordManagerApp */ = {
			isa = PBXGroup;
			children = (
				9E1500792C4978A0002AE605 /* PasswordManagerAppApp.swift */,
				9E15007B2C4978A0002AE605 /* ContentView.swift */,
				9E15007D2C4978A1002AE605 /* Assets.xcassets */,
				9E15007F2C4978A1002AE605 /* Preview Content */,
			);
			path = PasswordManagerApp;
			sourceTree = "<group>";
		};
		9E15007F2C4978A1002AE605 /* Preview Content */ = {
			isa = PBXGroup;
			children = (
				9E15008F2C497D87002AE605 /* ReusableComponents */,
				9E1500802C4978A1002AE605 /* Preview Assets.xcassets */,
				9E1500872C497CC4002AE605 /* PasswordManagerView.swift */,
				9E1500892C497CD8002AE605 /* AddAccountView.swift */,
				9E15008B2C497CEB002AE605 /* ManagerViewModel.swift */,
				9E15008D2C497D01002AE605 /* AccountDetailView.swift */,
				9E1500982C497ECB002AE605 /* AccountsView.swift */,
			);
			path = "Preview Content";
			sourceTree = "<group>";
		};
		9E15008F2C497D87002AE605 /* ReusableComponents */ = {
			isa = PBXGroup;
			children = (
				9E1500902C497DC4002AE605 /* CommonButton.swift */,
				9E1500942C497DE2002AE605 /* PinAuthenticationView.swift */,
				9E1500962C497DF2002AE605 /* PasswordStrengthView.swift */,
			);
			path = ReusableComponents;
			sourceTree = "<group>";
		};
/* End PBXGroup section */

/* Begin PBXNativeTarget section */
		9E1500752C4978A0002AE605 /* PasswordManagerApp */ = {
			isa = PBXNativeTarget;
			buildConfigurationList = 9E1500842C4978A1002AE605 /* Build configuration list for PBXNativeTarget "PasswordManagerApp" */;
			buildPhases = (
				9E1500722C4978A0002AE605 /* Sources */,
				9E1500732C4978A0002AE605 /* Frameworks */,
				9E1500742C4978A0002AE605 /* Resources */,
			);
			buildRules = (
			);
			dependencies = (
			);
			name = PasswordManagerApp;
			productName = PasswordManagerApp;
			productReference = 9E1500762C4978A0002AE605 /* PasswordManagerApp.app */;
			productType = "com.apple.product-type.application";
		};
/* End PBXNativeTarget section */

/* Begin PBXProject section */
		9E15006E2C4978A0002AE605 /* Project object */ = {
			isa = PBXProject;
			attributes = {
				BuildIndependentTargetsInParallel = 1;
				LastSwiftUpdateCheck = 1530;
				LastUpgradeCheck = 1530;
				TargetAttributes = {
					9E1500752C4978A0002AE605 = {
						CreatedOnToolsVersion = 15.3;
					};
				};
			};
			buildConfigurationList = 9E1500712C4978A0002AE605 /* Build configuration list for PBXProject "PasswordManagerApp" */;
			compatibilityVersion = "Xcode 14.0";
			developmentRegion = en;
			hasScannedForEncodings = 0;
			knownRegions = (
				en,
				Base,
			);
			mainGroup = 9E15006D2C4978A0002AE605;
			productRefGroup = 9E1500772C4978A0002AE605 /* Products */;
			projectDirPath = "";
			projectRoot = "";
			targets = (
				9E1500752C4978A0002AE605 /* PasswordManagerApp */,
			);
		};
/* End PBXProject section */

/* Begin PBXResourcesBuildPhase section */
		9E1500742C4978A0002AE605 /* Resources */ = {
			isa = PBXResourcesBuildPhase;
			buildActionMask = 2147483647;
			files = (
				9E1500812C4978A1002AE605 /* Preview Assets.xcassets in Resources */,
				9E15007E2C4978A1002AE605 /* Assets.xcassets in Resources */,
			);
			runOnlyForDeploymentPostprocessing = 0;
		};
/* End PBXResourcesBuildPhase section */

/* Begin PBXSourcesBuildPhase section */
		9E1500722C4978A0002AE605 /* Sources */ = {
			isa = PBXSourcesBuildPhase;
			buildActionMask = 2147483647;
			files = (
				9E1500992C497ECB002AE605 /* AccountsView.swift in Sources */,
				9E1500952C497DE2002AE605 /* PinAuthenticationView.swift in Sources */,
				9E1500912C497DC4002AE605 /* CommonButton.swift in Sources */,
				9E15008A2C497CD8002AE605 /* AddAccountView.swift in Sources */,
				9E1500882C497CC4002AE605 /* PasswordManagerView.swift in Sources */,
				9E15008C2C497CEB002AE605 /* ManagerViewModel.swift in Sources */,
				9E15008E2C497D01002AE605 /* AccountDetailView.swift in Sources */,
				9E15007C2C4978A0002AE605 /* ContentView.swift in Sources */,
				9E15007A2C4978A0002AE605 /* PasswordManagerAppApp.swift in Sources */,
				9E1500972C497DF2002AE605 /* PasswordStrengthView.swift in Sources */,
			);
			runOnlyForDeploymentPostprocessing = 0;
		};
/* End PBXSourcesBuildPhase section */

/* Begin XCBuildConfiguration section */
		9E1500822C4978A1002AE605 /* Debug */ = {
			isa = XCBuildConfiguration;
			buildSettings = {
				ALWAYS_SEARCH_USER_PATHS = NO;
				ASSETCATALOG_COMPILER_GENERATE_SWIFT_ASSET_SYMBOL_EXTENSIONS = YES;
				CLANG_ANALYZER_NONNULL = YES;
				CLANG_ANALYZER_NUMBER_OBJECT_CONVERSION = YES_AGGRESSIVE;
				CLANG_CXX_LANGUAGE_STANDARD = "gnu++20";
				CLANG_ENABLE_MODULES = YES;
				CLANG_ENABLE_OBJC_ARC = YES;
				CLANG_ENABLE_OBJC_WEAK = YES;
				CLANG_WARN_BLOCK_CAPTURE_AUTORELEASING = YES;
				CLANG_WARN_BOOL_CONVERSION = YES;
				CLANG_WARN_COMMA = YES;
				CLANG_WARN_CONSTANT_CONVERSION = YES;
				CLANG_WARN_DEPRECATED_OBJC_IMPLEMENTATIONS = YES;
				CLANG_WARN_DIRECT_OBJC_ISA_USAGE = YES_ERROR;
				CLANG_WARN_DOCUMENTATION_COMMENTS = YES;
				CLANG_WARN_EMPTY_BODY = YES;
				CLANG_WARN_ENUM_CONVERSION = YES;
				CLANG_WARN_INFINITE_RECURSION = YES;
				CLANG_WARN_INT_CONVERSION = YES;
				CLANG_WARN_NON_LITERAL_NULL_CONVERSION = YES;
				CLANG_WARN_OBJC_IMPLICIT_RETAIN_SELF = YES;
				CLANG_WARN_OBJC_LITERAL_CONVERSION = YES;
				CLANG_WARN_OBJC_ROOT_CLASS = YES_ERROR;
				CLANG_WARN_QUOTED_INCLUDE_IN_FRAMEWORK_HEADER = YES;
				CLANG_WARN_RANGE_LOOP_ANALYSIS = YES;
				CLANG_WARN_STRICT_PROTOTYPES = YES;
				CLANG_WARN_SUSPICIOUS_MOVE = YES;
				CLANG_WARN_UNGUARDED_AVAILABILITY = YES_AGGRESSIVE;
				CLANG_WARN_UNREACHABLE_CODE = YES;
				CLANG_WARN__DUPLICATE_METHOD_MATCH = YES;
				COPY_PHASE_STRIP = NO;
				DEBUG_INFORMATION_FORMAT = dwarf;
				ENABLE_STRICT_OBJC_MSGSEND = YES;
				ENABLE_TESTABILITY = YES;
				ENABLE_USER_SCRIPT_SANDBOXING = YES;
				GCC_C_LANGUAGE_STANDARD = gnu17;
				GCC_DYNAMIC_NO_PIC = NO;
				GCC_NO_COMMON_BLOCKS = YES;
				GCC_OPTIMIZATION_LEVEL = 0;
				GCC_PREPROCESSOR_DEFINITIONS = (
					"DEBUG=1",
					"$(inherited)",
				);
				GCC_WARN_64_TO_32_BIT_CONVERSION = YES;
				GCC_WARN_ABOUT_RETURN_TYPE = YES_ERROR;
				GCC_WARN_UNDECLARED_SELECTOR = YES;
				GCC_WARN_UNINITIALIZED_AUTOS = YES_AGGRESSIVE;
				GCC_WARN_UNUSED_FUNCTION = YES;
				GCC_WARN_UNUSED_VARIABLE = YES;
				IPHONEOS_DEPLOYMENT_TARGET = 17.4;
				LOCALIZATION_PREFERS_STRING_CATALOGS = YES;
				MTL_ENABLE_DEBUG_INFO = INCLUDE_SOURCE;
				MTL_FAST_MATH = YES;
				ONLY_ACTIVE_ARCH = YES;
				SDKROOT = iphoneos;
				SWIFT_ACTIVE_COMPILATION_CONDITIONS = "DEBUG $(inherited)";
				SWIFT_OPTIMIZATION_LEVEL = "-Onone";
			};
			name = Debug;
		};
		9E1500832C4978A1002AE605 /* Release */ = {
			isa = XCBuildConfiguration;
			buildSettings = {
				ALWAYS_SEARCH_USER_PATHS = NO;
				ASSETCATALOG_COMPILER_GENERATE_SWIFT_ASSET_SYMBOL_EXTENSIONS = YES;
				CLANG_ANALYZER_NONNULL = YES;
				CLANG_ANALYZER_NUMBER_OBJECT_CONVERSION = YES_AGGRESSIVE;
				CLANG_CXX_LANGUAGE_STANDARD = "gnu++20";
				CLANG_ENABLE_MODULES = YES;
				CLANG_ENABLE_OBJC_ARC = YES;
				CLANG_ENABLE_OBJC_WEAK = YES;
				CLANG_WARN_BLOCK_CAPTURE_AUTORELEASING = YES;
				CLANG_WARN_BOOL_CONVERSION = YES;
				CLANG_WARN_COMMA = YES;
				CLANG_WARN_CONSTANT_CONVERSION = YES;
				CLANG_WARN_DEPRECATED_OBJC_IMPLEMENTATIONS = YES;
				CLANG_WARN_DIRECT_OBJC_ISA_USAGE = YES_ERROR;
				CLANG_WARN_DOCUMENTATION_COMMENTS = YES;
				CLANG_WARN_EMPTY_BODY = YES;
				CLANG_WARN_ENUM_CONVERSION = YES;
				CLANG_WARN_INFINITE_RECURSION = YES;
				CLANG_WARN_INT_CONVERSION = YES;
				CLANG_WARN_NON_LITERAL_NULL_CONVERSION = YES;
				CLANG_WARN_OBJC_IMPLICIT_RETAIN_SELF = YES;
				CLANG_WARN_OBJC_LITERAL_CONVERSION = YES;
				CLANG_WARN_OBJC_ROOT_CLASS = YES_ERROR;
				CLANG_WARN_QUOTED_INCLUDE_IN_FRAMEWORK_HEADER = YES;
				CLANG_WARN_RANGE_LOOP_ANALYSIS = YES;
				CLANG_WARN_STRICT_PROTOTYPES = YES;
				CLANG_WARN_SUSPICIOUS_MOVE = YES;
				CLANG_WARN_UNGUARDED_AVAILABILITY = YES_AGGRESSIVE;
				CLANG_WARN_UNREACHABLE_CODE = YES;
				CLANG_WARN__DUPLICATE_METHOD_MATCH = YES;
				COPY_PHASE_STRIP = NO;
				DEBUG_INFORMATION_FORMAT = "dwarf-with-dsym";
				ENABLE_NS_ASSERTIONS = NO;
				ENABLE_STRICT_OBJC_MSGSEND = YES;
				ENABLE_USER_SCRIPT_SANDBOXING = YES;
				GCC_C_LANGUAGE_STANDARD = gnu17;
				GCC_NO_COMMON_BLOCKS = YES;
				GCC_WARN_64_TO_32_BIT_CONVERSION = YES;
				GCC_WARN_ABOUT_RETURN_TYPE = YES_ERROR;
				GCC_WARN_UNDECLARED_SELECTOR = YES;
				GCC_WARN_UNINITIALIZED_AUTOS = YES_AGGRESSIVE;
				GCC_WARN_UNUSED_FUNCTION = YES;
				GCC_WARN_UNUSED_VARIABLE = YES;
				IPHONEOS_DEPLOYMENT_TARGET = 17.4;
				LOCALIZATION_PREFERS_STRING_CATALOGS = YES;
				MTL_ENABLE_DEBUG_INFO = NO;
				MTL_FAST_MATH = YES;
				SDKROOT = iphoneos;
				SWIFT_COMPILATION_MODE = wholemodule;
				VALIDATE_PRODUCT = YES;
			};
			name = Release;
		};
		9E1500852C4978A1002AE605 /* Debug */ = {
			isa = XCBuildConfiguration;
			buildSettings = {
				ASSETCATALOG_COMPILER_APPICON_NAME = AppIcon;
				ASSETCATALOG_COMPILER_GLOBAL_ACCENT_COLOR_NAME = AccentColor;
				CODE_SIGN_STYLE = Automatic;
				CURRENT_PROJECT_VERSION = 1;
				DEVELOPMENT_ASSET_PATHS = "\"PasswordManagerApp/Preview Content\"";
				DEVELOPMENT_TEAM = 5XQA53729X;
				ENABLE_PREVIEWS = YES;
				GENERATE_INFOPLIST_FILE = YES;
				INFOPLIST_KEY_UIApplicationSceneManifest_Generation = YES;
				INFOPLIST_KEY_UIApplicationSupportsIndirectInputEvents = YES;
				INFOPLIST_KEY_UILaunchScreen_Generation = YES;
				INFOPLIST_KEY_UISupportedInterfaceOrientations_iPad = "UIInterfaceOrientationPortrait UIInterfaceOrientationPortraitUpsideDown UIInterfaceOrientationLandscapeLeft UIInterfaceOrientationLandscapeRight";
				INFOPLIST_KEY_UISupportedInterfaceOrientations_iPhone = "UIInterfaceOrientationPortrait UIInterfaceOrientationLandscapeLeft UIInterfaceOrientationLandscapeRight";
				IPHONEOS_DEPLOYMENT_TARGET = 17.0;
				LD_RUNPATH_SEARCH_PATHS = (
					"$(inherited)",
					"@executable_path/Frameworks",
				);
				MARKETING_VERSION = 1.0;
				PRODUCT_BUNDLE_IDENTIFIER = com.company.PasswordManagerApp;
				PRODUCT_NAME = "$(TARGET_NAME)";
				SWIFT_EMIT_LOC_STRINGS = YES;
				SWIFT_VERSION = 5.0;
				TARGETED_DEVICE_FAMILY = "1,2";
			};
			name = Debug;
		};
		9E1500862C4978A1002AE605 /* Release */ = {
			isa = XCBuildConfiguration;
			buildSettings = {
				ASSETCATALOG_COMPILER_APPICON_NAME = AppIcon;
				ASSETCATALOG_COMPILER_GLOBAL_ACCENT_COLOR_NAME = AccentColor;
				CODE_SIGN_STYLE = Automatic;
				CURRENT_PROJECT_VERSION = 1;
				DEVELOPMENT_ASSET_PATHS = "\"PasswordManagerApp/Preview Content\"";
				DEVELOPMENT_TEAM = 5XQA53729X;
				ENABLE_PREVIEWS = YES;
				GENERATE_INFOPLIST_FILE = YES;
				INFOPLIST_KEY_UIApplicationSceneManifest_Generation = YES;
				INFOPLIST_KEY_UIApplicationSupportsIndirectInputEvents = YES;
				INFOPLIST_KEY_UILaunchScreen_Generation = YES;
				INFOPLIST_KEY_UISupportedInterfaceOrientations_iPad = "UIInterfaceOrientationPortrait UIInterfaceOrientationPortraitUpsideDown UIInterfaceOrientationLandscapeLeft UIInterfaceOrientationLandscapeRight";
				INFOPLIST_KEY_UISupportedInterfaceOrientations_iPhone = "UIInterfaceOrientationPortrait UIInterfaceOrientationLandscapeLeft UIInterfaceOrientationLandscapeRight";
				IPHONEOS_DEPLOYMENT_TARGET = 17.0;
				LD_RUNPATH_SEARCH_PATHS = (
					"$(inherited)",
					"@executable_path/Frameworks",
				);
				MARKETING_VERSION = 1.0;
				PRODUCT_BUNDLE_IDENTIFIER = com.company.PasswordManagerApp;
				PRODUCT_NAME = "$(TARGET_NAME)";
				SWIFT_EMIT_LOC_STRINGS = YES;
				SWIFT_VERSION = 5.0;
				TARGETED_DEVICE_FAMILY = "1,2";
			};
			name = Release;
		};
/* End XCBuildConfiguration section */

/* Begin XCConfigurationList section */
		9E1500712C4978A0002AE605 /* Build configuration list for PBXProject "PasswordManagerApp" */ = {
			isa = XCConfigurationList;
			buildConfigurations = (
				9E1500822C4978A1002AE605 /* Debug */,
				9E1500832C4978A1002AE605 /* Release */,
			);
			defaultConfigurationIsVisible = 0;
			defaultConfigurationName = Release;
		};
		9E1500842C4978A1002AE605 /* Build configuration list for PBXNativeTarget "PasswordManagerApp" */ = {
			isa = XCConfigurationList;
			buildConfigurations = (
				9E1500852C4978A1002AE605 /* Debug */,
				9E1500862C4978A1002AE605 /* Release */,
			);
			defaultConfigurationIsVisible = 0;
			defaultConfigurationName = Release;
		};
/* End XCConfigurationList section */
	};
	rootObject = 9E15006E2C4978A0002AE605 /* Project object */;
}
